<?xml version="1.0" encoding="UTF-8"?>
<Scheme
   LastUpgradeVersion = "0610"
   version = "1.3">
   <BuildAction
      parallelizeBuildables = "YES"
      buildImplicitDependencies = "YES">
      <BuildActionEntries>
         <BuildActionEntry
            buildForTesting = "YES"
            buildForRunning = "YES"
            buildForProfiling = "YES"
            buildForArchiving = "YES"
            buildForAnalyzing = "YES">
            <BuildableReference
               BuildableIdentifier = "primary"
               BlueprintIdentifier = "347F27891A008615003C9EE0"
               BuildableName = "proj3"
               BlueprintName = "proj3"
               ReferencedContainer = "container:proj3.xcodeproj">
            </BuildableReference>
         </BuildActionEntry>
      </BuildActionEntries>
   </BuildAction>
   <TestAction
      selectedDebuggerIdentifier = "Xcode.DebuggerFoundation.Debugger.LLDB"
      selectedLauncherIdentifier = "Xcode.DebuggerFoundation.Launcher.LLDB"
      shouldUseLaunchSchemeArgsEnv = "YES"
      buildConfiguration = "Debug">
      <Testables>
      </Testables>
      <MacroExpansion>
         <BuildableReference
            BuildableIdentifier = "primary"
            BlueprintIdentifier = "347F27891A008615003C9EE0"
            BuildableName = "proj3"
            BlueprintName = "proj3"
            ReferencedContainer = "container:proj3.xcodeproj">
         </BuildableReference>
      </MacroExpansion>
   </TestAction>
   <LaunchAction
      selectedDebuggerIdentifier = "Xcode.DebuggerFoundation.Debugger.LLDB"
      selectedLauncherIdentifier = "Xcode.DebuggerFoundation.Launcher.LLDB"
      launchStyle = "0"
      useCustomWorkingDirectory = "NO"
      buildConfiguration = "Debug"
      ignoresPersistentStateOnLaunch = "NO"
      debugDocumentVersioning = "YES"
      allowLocationSimulation = "YES">
      <BuildableProductRunnable>
         <BuildableReference
            BuildableIdentifier = "primary"
            BlueprintIdentifier = "347F27891A008615003C9EE0"
            BuildableName = "proj3"
            BlueprintName = "proj3"
            ReferencedContainer = "container:proj3.xcodeproj">
         </BuildableReference>
      </BuildableProductRunnable>
      <CommandLineArguments>
         <CommandLineArgument
            argument = "-m -v -s -t"
            isEnabled = "YES">
         </CommandLineArgument>
         <CommandLineArgument
            argument = "-q --output M &lt; /Users/RJB/Documents/classes/eecs281/project1/project1/test.txt"
            isEnabled = "NO">
         </CommandLineArgument>
         <CommandLineArgument
            argument = "&#13; &lt; infile.txt &gt; outfile.txt&#13; &lt; infile.txt &gt; outfile.txt &lt; infile.txt &gt; outfile.txt&#13; &lt; infile.txt &gt; outfile.txt&#13; &lt; infile.txt &gt; outfile.txt&#13; &lt; infile.txt &gt; outfile.txt &lt; infile.txt &gt; outfile.txt&#13;&#xad;&#xad;transfers &#xad;s &#xad;&#xad;verbose &#xad;&#xad;ttt GOOG &#xad;&#xad;ttt IBM &#xad;&#xad;insider GOOG&#13;&#xad;&#xad;transfers &#xad;s &#xad;&#xad;verbose &#xad;&#xad;ttt GOOG &#xad;&#xad;ttt IBM &#xad;&#xad;insider GOOG&#13;"
            isEnabled = "NO">
         </CommandLineArgument>
      </CommandLineArguments>
      <EnvironmentVariables>
         <EnvironmentVariable
            key = "MYARQ"
            value = "TLinput.txt"
            isEnabled = "NO">
         </EnvironmentVariable>
         <EnvironmentVariable
            key = "MYARQ"
            value = "TLBinput.txt"
            isEnabled = "NO">
         </EnvironmentVariable>
         <EnvironmentVariable
            key = "MYARQ"
            value = "PRinput.txt"
            isEnabled = "YES">
         </EnvironmentVariable>
      </EnvironmentVariables>
      <AdditionalOptions>
      </AdditionalOptions>
   </LaunchAction>
   <ProfileAction
      shouldUseLaunchSchemeArgsEnv = "YES"
      savedToolIdentifier = ""
      useCustomWorkingDirectory = "NO"
      buildConfiguration = "Release"
      debugDocumentVersioning = "YES">
      <BuildableProductRunnable>
         <BuildableReference
            BuildableIdentifier = "primary"
            BlueprintIdentifier = "347F27891A008615003C9EE0"
            BuildableName = "proj3"
            BlueprintName = "proj3"
            ReferencedContainer = "container:proj3.xcodeproj">
         </BuildableReference>
      </BuildableProductRunnable>
   </ProfileAction>
   <AnalyzeAction
      buildConfiguration = "Debug">
   </AnalyzeAction>
   <ArchiveAction
      buildConfiguration = "Release"
      revealArchiveInOrganizer = "YES">
   </ArchiveAction>
</Scheme>
